{
  "name": "pi",
  "version": "1.0.0",
  "lockfileVersion": 3,
  "requires": true,
  "packages": {
    "": {
      "name": "pi",
      "version": "1.0.0",
      "dependencies": {
        "@leeoniya/ufuzzy": "^1.0.19",
        "shell-quote": "^1.8.3"
      },
      "devDependencies": {
        "@types/shell-quote": "^1.7.5"
      }
    },
    "node_modules/@leeoniya/ufuzzy": {
      "version": "1.0.19",
      "license": "MIT"
    },
    "node_modules/@types/shell-quote": {
      "version": "1.7.5",
      "resolved": "https://registry.npmjs.org/@types/shell-quote/-/shell-quote-1.7.5.tgz",
      "integrity": "sha512-+UE8GAGRPbJVQDdxi16dgadcBfQ+KG2vgZhV1+3A1XmHbmwcdwhCUwIdy+d3pAGrbvgRoVSjeI9vOWyq376Yzw==",
      "dev": true,
      "license": "MIT"
    },
    "node_modules/shell-quote": {
      "version": "1.8.3",
      "license": "MIT",
      "engines": {
        "node": ">= 0.4"
      },
      "funding": {
        "url": "https://github.com/sponsors/ljharb"
      }
    }
  }
}
